{
  "name": "git-submodule-management",
  "version": "0.0.2",
  "lockfileVersion": 1,
  "requires": true,
  "dependencies": {
    "@kwsites/exec-p": {
      "version": "0.4.0",
      "resolved": "https://registry.npm.taobao.org/@kwsites/exec-p/download/@kwsites/exec-p-0.4.0.tgz",
      "integrity": "sha1-qzdl1IKEm6boJXIQd8JIz58zI7c="
    },
    "commander": {
      "version": "5.1.0",
      "resolved": "https://registry.npm.taobao.org/commander/download/commander-5.1.0.tgz?cache=0&sync_timestamp=1587781810870&other_urls=https%3A%2F%2Fregistry.npm.taobao.org%2Fcommander%2Fdownload%2Fcommander-5.1.0.tgz",
      "integrity": "sha1-Rqu9FlL44Fm92u+Zu9yyrZzxea4="
    },
    "debug": {
      "version": "4.1.1",
      "resolved": "https://registry.npm.taobao.org/debug/download/debug-4.1.1.tgz",
      "integrity": "sha1-O3ImAlUQnGtYnO4FDx1RYTlmR5E=",
      "requires": {
        "ms": "^2.1.1"
      }
    },
    "ms": {
      "version": "2.1.2",
      "resolved": "https://registry.npm.taobao.org/ms/download/ms-2.1.2.tgz",
      "integrity": "sha1-0J0fNXtEP0kzgqjrPM0YOHKuYAk="
    },
    "simple-git": {
      "version": "2.5.0",
      "resolved": "https://registry.npm.taobao.org/simple-git/download/simple-git-2.5.0.tgz?cache=0&other_urls=https%3A%2F%2Fregistry.npm.taobao.org%2Fsimple-git%2Fdownload%2Fsimple-git-2.5.0.tgz",
      "integrity": "sha1-U4sUsl+DkWpW8w7KU/E3lttnEvY=",
      "requires": {
        "@kwsites/exec-p": "^0.4.0",
        "debug": "^4.0.1"
      }
    }
  }
}
